
Microsoft Visual Studio Solution File, Format Version 12.00
# Visual Studio Version 17
VisualStudioVersion = 17.4.33213.308
MinimumVisualStudioVersion = 10.0.40219.1
Project("{FAE04EC0-301F-11D3-BF4B-00C04F79EFBC}") = "SODV1202-Connect4FINALPROJECT-NESTLE_JUCO", "SODV1202-Connect4FINALPROJECT-NESTLE_JUCO.csproj", "{2673E456-A030-4457-8BD2-142C77488EC7}"
EndProject
Global
	GlobalSection(SolutionConfigurationPlatforms) = preSolution
		Debug|Any CPU = Debug|Any CPU
		Release|Any CPU = Release|Any CPU
	EndGlobalSection
	GlobalSection(ProjectConfigurationPlatforms) = postSolution
		{2673E456-A030-4457-8BD2-142C77488EC7}.Debug|Any CPU.ActiveCfg = Debug|Any CPU
		{2673E456-A030-4457-8BD2-142C77488EC7}.Debug|Any CPU.Build.0 = Debug|Any CPU
		{2673E456-A030-4457-8BD2-142C77488EC7}.Release|Any CPU.ActiveCfg = Release|Any CPU
		{2673E456-A030-4457-8BD2-142C77488EC7}.Release|Any CPU.Build.0 = Release|Any CPU
	EndGlobalSection
	GlobalSection(SolutionProperties) = preSolution
		HideSolutionNode = FALSE
	EndGlobalSection
	GlobalSection(ExtensibilityGlobals) = postSolution
		SolutionGuid = {B4853514-359E-4D11-9173-BDA2FF86C471}
	EndGlobalSection
EndGlobal
